
Microsoft Visual Studio Solution File, Format Version 12.00
# Visual Studio Version 16
VisualStudioVersion = 16.0.29709.97
MinimumVisualStudioVersion = 10.0.40219.1
Project("{9A19103F-16F7-4668-BE54-9A1E7A4F7556}") = "CaloriePunch.UI", "CaloriePunch.UI\CaloriePunch.UI.csproj", "{90A7A8FF-7DD9-465D-BAC8-D97648485A72}"
EndProject
Project("{9A19103F-16F7-4668-BE54-9A1E7A4F7556}") = "CaloriePunch.Infrastructure", "CaloriePunch.Infrastructure\CaloriePunch.Infrastructure.csproj", "{659093D6-0BD5-4F45-BC64-14B25B793BFF}"
EndProject
Project("{9A19103F-16F7-4668-BE54-9A1E7A4F7556}") = "CaloriePunch.Domain", "CaloriePunch.Domain\CaloriePunch.Domain.csproj", "{613BFD57-C51E-4F9B-83BD-8191A2845CC6}"
EndProject
Project("{9A19103F-16F7-4668-BE54-9A1E7A4F7556}") = "CaloriePunch.API", "CaloriePunch.API\CaloriePunch.API.csproj", "{B07E8FAD-DF82-4AC1-B55D-0899393D3D82}"
EndProject
Project("{FAE04EC0-301F-11D3-BF4B-00C04F79EFBC}") = "CaloriePunch.KoUI", "CaloriePunch.KoUI\CaloriePunch.KoUI.csproj", "{B92A2605-FCD1-44F7-A39E-98A5F8C6760F}"
EndProject
Global
	GlobalSection(SolutionConfigurationPlatforms) = preSolution
		Debug|Any CPU = Debug|Any CPU
		Release|Any CPU = Release|Any CPU
	EndGlobalSection
	GlobalSection(ProjectConfigurationPlatforms) = postSolution
		{90A7A8FF-7DD9-465D-BAC8-D97648485A72}.Debug|Any CPU.ActiveCfg = Debug|Any CPU
		{90A7A8FF-7DD9-465D-BAC8-D97648485A72}.Debug|Any CPU.Build.0 = Debug|Any CPU
		{90A7A8FF-7DD9-465D-BAC8-D97648485A72}.Release|Any CPU.ActiveCfg = Release|Any CPU
		{90A7A8FF-7DD9-465D-BAC8-D97648485A72}.Release|Any CPU.Build.0 = Release|Any CPU
		{659093D6-0BD5-4F45-BC64-14B25B793BFF}.Debug|Any CPU.ActiveCfg = Debug|Any CPU
		{659093D6-0BD5-4F45-BC64-14B25B793BFF}.Debug|Any CPU.Build.0 = Debug|Any CPU
		{659093D6-0BD5-4F45-BC64-14B25B793BFF}.Release|Any CPU.ActiveCfg = Release|Any CPU
		{659093D6-0BD5-4F45-BC64-14B25B793BFF}.Release|Any CPU.Build.0 = Release|Any CPU
		{613BFD57-C51E-4F9B-83BD-8191A2845CC6}.Debug|Any CPU.ActiveCfg = Debug|Any CPU
		{613BFD57-C51E-4F9B-83BD-8191A2845CC6}.Debug|Any CPU.Build.0 = Debug|Any CPU
		{613BFD57-C51E-4F9B-83BD-8191A2845CC6}.Release|Any CPU.ActiveCfg = Release|Any CPU
		{613BFD57-C51E-4F9B-83BD-8191A2845CC6}.Release|Any CPU.Build.0 = Release|Any CPU
		{B07E8FAD-DF82-4AC1-B55D-0899393D3D82}.Debug|Any CPU.ActiveCfg = Debug|Any CPU
		{B07E8FAD-DF82-4AC1-B55D-0899393D3D82}.Debug|Any CPU.Build.0 = Debug|Any CPU
		{B07E8FAD-DF82-4AC1-B55D-0899393D3D82}.Release|Any CPU.ActiveCfg = Release|Any CPU
		{B07E8FAD-DF82-4AC1-B55D-0899393D3D82}.Release|Any CPU.Build.0 = Release|Any CPU
		{B92A2605-FCD1-44F7-A39E-98A5F8C6760F}.Debug|Any CPU.ActiveCfg = Debug|Any CPU
		{B92A2605-FCD1-44F7-A39E-98A5F8C6760F}.Debug|Any CPU.Build.0 = Debug|Any CPU
		{B92A2605-FCD1-44F7-A39E-98A5F8C6760F}.Release|Any CPU.ActiveCfg = Release|Any CPU
		{B92A2605-FCD1-44F7-A39E-98A5F8C6760F}.Release|Any CPU.Build.0 = Release|Any CPU
	EndGlobalSection
	GlobalSection(SolutionProperties) = preSolution
		HideSolutionNode = FALSE
	EndGlobalSection
	GlobalSection(ExtensibilityGlobals) = postSolution
		SolutionGuid = {9DD82CEE-8ADC-481B-B270-FA00A1868923}
	EndGlobalSection
EndGlobal
